
Microsoft Visual Studio Solution File, Format Version 12.00
# Visual Studio 15
Project("{FAE04EC0-301F-11D3-BF4B-00C04F79EFBC}") = "Mirror", "Mirror.csproj", "{500A233F-701A-0BA1-16F0-F916C46111A0}"
EndProject
Project("{FAE04EC0-301F-11D3-BF4B-00C04F79EFBC}") = "SimpleWebTransport", "SimpleWebTransport.csproj", "{E5479D2B-E76D-E095-F8C6-8279CBCC9F12}"
EndProject
Project("{FAE04EC0-301F-11D3-BF4B-00C04F79EFBC}") = "Mirror.Examples", "Mirror.Examples.csproj", "{AD5ADBE2-F450-03A1-B67B-7FCEF684FA55}"
EndProject
Project("{FAE04EC0-301F-11D3-BF4B-00C04F79EFBC}") = "Mirror.Components", "Mirror.Components.csproj", "{408ED778-C376-3006-1C3C-5000EBEE14E4}"
EndProject
Project("{FAE04EC0-301F-11D3-BF4B-00C04F79EFBC}") = "kcp2k", "kcp2k.csproj", "{1BEDA776-BF9D-4015-2976-FC9D6BA3DF11}"
EndProject
Project("{FAE04EC0-301F-11D3-BF4B-00C04F79EFBC}") = "Telepathy", "Telepathy.csproj", "{DFD3A099-7BC6-C1FF-5E27-A2AA51640036}"
EndProject
Project("{FAE04EC0-301F-11D3-BF4B-00C04F79EFBC}") = "where-allocations", "where-allocations.csproj", "{2B425BB8-8099-3AD2-CD00-3EDF4D941245}"
EndProject
Project("{FAE04EC0-301F-11D3-BF4B-00C04F79EFBC}") = "Mirror.Authenticators", "Mirror.Authenticators.csproj", "{195EA589-02C2-2D1D-AADE-4777D9700B3A}"
EndProject
Project("{FAE04EC0-301F-11D3-BF4B-00C04F79EFBC}") = "Mirror.Editor", "Mirror.Editor.csproj", "{7E7A7085-939C-5C34-A9EE-82196E6CEF66}"
EndProject
Project("{FAE04EC0-301F-11D3-BF4B-00C04F79EFBC}") = "Unity.Mirror.CodeGen", "Unity.Mirror.CodeGen.csproj", "{7CD2C576-45E6-BF66-63CE-427AB4CE8298}"
EndProject
Project("{FAE04EC0-301F-11D3-BF4B-00C04F79EFBC}") = "Mirror.CompilerSymbols", "Mirror.CompilerSymbols.csproj", "{072EB84F-859F-F3AA-1CCC-2921EA727EC1}"
EndProject
Global
	GlobalSection(SolutionConfigurationPlatforms) = preSolution
		Debug|Any CPU = Debug|Any CPU
		Release|Any CPU = Release|Any CPU
	EndGlobalSection
	GlobalSection(ProjectConfigurationPlatforms) = postSolution
		{500A233F-701A-0BA1-16F0-F916C46111A0}.Debug|Any CPU.ActiveCfg = Debug|Any CPU
		{500A233F-701A-0BA1-16F0-F916C46111A0}.Debug|Any CPU.Build.0 = Debug|Any CPU
		{500A233F-701A-0BA1-16F0-F916C46111A0}.Release|Any CPU.ActiveCfg = Release|Any CPU
		{500A233F-701A-0BA1-16F0-F916C46111A0}.Release|Any CPU.Build.0 = Release|Any CPU
		{E5479D2B-E76D-E095-F8C6-8279CBCC9F12}.Debug|Any CPU.ActiveCfg = Debug|Any CPU
		{E5479D2B-E76D-E095-F8C6-8279CBCC9F12}.Debug|Any CPU.Build.0 = Debug|Any CPU
		{E5479D2B-E76D-E095-F8C6-8279CBCC9F12}.Release|Any CPU.ActiveCfg = Release|Any CPU
		{E5479D2B-E76D-E095-F8C6-8279CBCC9F12}.Release|Any CPU.Build.0 = Release|Any CPU
		{AD5ADBE2-F450-03A1-B67B-7FCEF684FA55}.Debug|Any CPU.ActiveCfg = Debug|Any CPU
		{AD5ADBE2-F450-03A1-B67B-7FCEF684FA55}.Debug|Any CPU.Build.0 = Debug|Any CPU
		{AD5ADBE2-F450-03A1-B67B-7FCEF684FA55}.Release|Any CPU.ActiveCfg = Release|Any CPU
		{AD5ADBE2-F450-03A1-B67B-7FCEF684FA55}.Release|Any CPU.Build.0 = Release|Any CPU
		{408ED778-C376-3006-1C3C-5000EBEE14E4}.Debug|Any CPU.ActiveCfg = Debug|Any CPU
		{408ED778-C376-3006-1C3C-5000EBEE14E4}.Debug|Any CPU.Build.0 = Debug|Any CPU
		{408ED778-C376-3006-1C3C-5000EBEE14E4}.Release|Any CPU.ActiveCfg = Release|Any CPU
		{408ED778-C376-3006-1C3C-5000EBEE14E4}.Release|Any CPU.Build.0 = Release|Any CPU
		{1BEDA776-BF9D-4015-2976-FC9D6BA3DF11}.Debug|Any CPU.ActiveCfg = Debug|Any CPU
		{1BEDA776-BF9D-4015-2976-FC9D6BA3DF11}.Debug|Any CPU.Build.0 = Debug|Any CPU
		{1BEDA776-BF9D-4015-2976-FC9D6BA3DF11}.Release|Any CPU.ActiveCfg = Release|Any CPU
		{1BEDA776-BF9D-4015-2976-FC9D6BA3DF11}.Release|Any CPU.Build.0 = Release|Any CPU
		{DFD3A099-7BC6-C1FF-5E27-A2AA51640036}.Debug|Any CPU.ActiveCfg = Debug|Any CPU
		{DFD3A099-7BC6-C1FF-5E27-A2AA51640036}.Debug|Any CPU.Build.0 = Debug|Any CPU
		{DFD3A099-7BC6-C1FF-5E27-A2AA51640036}.Release|Any CPU.ActiveCfg = Release|Any CPU
		{DFD3A099-7BC6-C1FF-5E27-A2AA51640036}.Release|Any CPU.Build.0 = Release|Any CPU
		{2B425BB8-8099-3AD2-CD00-3EDF4D941245}.Debug|Any CPU.ActiveCfg = Debug|Any CPU
		{2B425BB8-8099-3AD2-CD00-3EDF4D941245}.Debug|Any CPU.Build.0 = Debug|Any CPU
		{2B425BB8-8099-3AD2-CD00-3EDF4D941245}.Release|Any CPU.ActiveCfg = Release|Any CPU
		{2B425BB8-8099-3AD2-CD00-3EDF4D941245}.Release|Any CPU.Build.0 = Release|Any CPU
		{195EA589-02C2-2D1D-AADE-4777D9700B3A}.Debug|Any CPU.ActiveCfg = Debug|Any CPU
		{195EA589-02C2-2D1D-AADE-4777D9700B3A}.Debug|Any CPU.Build.0 = Debug|Any CPU
		{195EA589-02C2-2D1D-AADE-4777D9700B3A}.Release|Any CPU.ActiveCfg = Release|Any CPU
		{195EA589-02C2-2D1D-AADE-4777D9700B3A}.Release|Any CPU.Build.0 = Release|Any CPU
		{7E7A7085-939C-5C34-A9EE-82196E6CEF66}.Debug|Any CPU.ActiveCfg = Debug|Any CPU
		{7E7A7085-939C-5C34-A9EE-82196E6CEF66}.Debug|Any CPU.Build.0 = Debug|Any CPU
		{7E7A7085-939C-5C34-A9EE-82196E6CEF66}.Release|Any CPU.ActiveCfg = Release|Any CPU
		{7E7A7085-939C-5C34-A9EE-82196E6CEF66}.Release|Any CPU.Build.0 = Release|Any CPU
		{7CD2C576-45E6-BF66-63CE-427AB4CE8298}.Debug|Any CPU.ActiveCfg = Debug|Any CPU
		{7CD2C576-45E6-BF66-63CE-427AB4CE8298}.Debug|Any CPU.Build.0 = Debug|Any CPU
		{7CD2C576-45E6-BF66-63CE-427AB4CE8298}.Release|Any CPU.ActiveCfg = Release|Any CPU
		{7CD2C576-45E6-BF66-63CE-427AB4CE8298}.Release|Any CPU.Build.0 = Release|Any CPU
		{072EB84F-859F-F3AA-1CCC-2921EA727EC1}.Debug|Any CPU.ActiveCfg = Debug|Any CPU
		{072EB84F-859F-F3AA-1CCC-2921EA727EC1}.Debug|Any CPU.Build.0 = Debug|Any CPU
		{072EB84F-859F-F3AA-1CCC-2921EA727EC1}.Release|Any CPU.ActiveCfg = Release|Any CPU
		{072EB84F-859F-F3AA-1CCC-2921EA727EC1}.Release|Any CPU.Build.0 = Release|Any CPU
	EndGlobalSection
	GlobalSection(SolutionProperties) = preSolution
		HideSolutionNode = FALSE
	EndGlobalSection
EndGlobal
